
Microsoft Visual Studio Solution File, Format Version 12.00
# Visual Studio 14
VisualStudioVersion = 14.0.25123.0
MinimumVisualStudioVersion = 10.0.40219.1
Project("{FAE04EC0-301F-11D3-BF4B-00C04F79EFBC}") = "ICMAppExemplo.Droid", "ICMAppExemplo\ICMAppExemplo.Droid\ICMAppExemplo.Droid.csproj", "{46943D1A-79BB-4AE7-8731-CBFE8735C9D4}"
EndProject
Project("{FAE04EC0-301F-11D3-BF4B-00C04F79EFBC}") = "ICMAppExemplo.iOS", "ICMAppExemplo\ICMAppExemplo.iOS\ICMAppExemplo.iOS.csproj", "{B1DA005C-F253-4095-945E-ECC002FEF63D}"
EndProject
Project("{FAE04EC0-301F-11D3-BF4B-00C04F79EFBC}") = "ICMAppExemplo.WinPhone", "ICMAppExemplo\ICMAppExemplo.WinPhone\ICMAppExemplo.WinPhone.csproj", "{F2C30CE7-172E-4605-8E02-14E4D715B722}"
EndProject
Project("{FAE04EC0-301F-11D3-BF4B-00C04F79EFBC}") = "ICMAppExemplo.UWP", "ICMAppExemplo\ICMAppExemplo.UWP\ICMAppExemplo.UWP.csproj", "{D62C6B21-C7A6-486B-8537-15C316570575}"
EndProject
Project("{FAE04EC0-301F-11D3-BF4B-00C04F79EFBC}") = "ICMAppExemplo.Windows", "ICMAppExemplo\ICMAppExemplo.Windows\ICMAppExemplo.Windows.csproj", "{EF195C98-7922-4717-BB44-F07EA6BAFAFF}"
EndProject
Project("{D954291E-2A0B-460D-934E-DC6B0785DB48}") = "ICMAppExemplo", "ICMAppExemplo\ICMAppExemplo\ICMAppExemplo.shproj", "{62B99704-B5B8-4C04-8E3C-8A6483362E7C}"
EndProject
Global
	GlobalSection(SharedMSBuildProjectFiles) = preSolution
		ICMAppExemplo\ICMAppExemplo\ICMAppExemplo.projitems*{b1da005c-f253-4095-945e-ecc002fef63d}*SharedItemsImports = 4
		ICMAppExemplo\ICMAppExemplo\ICMAppExemplo.projitems*{f2c30ce7-172e-4605-8e02-14e4d715b722}*SharedItemsImports = 4
		ICMAppExemplo\ICMAppExemplo\ICMAppExemplo.projitems*{46943d1a-79bb-4ae7-8731-cbfe8735c9d4}*SharedItemsImports = 4
		ICMAppExemplo\ICMAppExemplo\ICMAppExemplo.projitems*{d62c6b21-c7a6-486b-8537-15c316570575}*SharedItemsImports = 4
		ICMAppExemplo\ICMAppExemplo\ICMAppExemplo.projitems*{62b99704-b5b8-4c04-8e3c-8a6483362e7c}*SharedItemsImports = 13
		ICMAppExemplo\ICMAppExemplo\ICMAppExemplo.projitems*{ef195c98-7922-4717-bb44-f07ea6bafaff}*SharedItemsImports = 4
	EndGlobalSection
	GlobalSection(SolutionConfigurationPlatforms) = preSolution
		Ad-Hoc|Any CPU = Ad-Hoc|Any CPU
		Ad-Hoc|ARM = Ad-Hoc|ARM
		Ad-Hoc|iPhone = Ad-Hoc|iPhone
		Ad-Hoc|iPhoneSimulator = Ad-Hoc|iPhoneSimulator
		Ad-Hoc|x64 = Ad-Hoc|x64
		Ad-Hoc|x86 = Ad-Hoc|x86
		AppStore|Any CPU = AppStore|Any CPU
		AppStore|ARM = AppStore|ARM
		AppStore|iPhone = AppStore|iPhone
		AppStore|iPhoneSimulator = AppStore|iPhoneSimulator
		AppStore|x64 = AppStore|x64
		AppStore|x86 = AppStore|x86
		Debug|Any CPU = Debug|Any CPU
		Debug|ARM = Debug|ARM
		Debug|iPhone = Debug|iPhone
		Debug|iPhoneSimulator = Debug|iPhoneSimulator
		Debug|x64 = Debug|x64
		Debug|x86 = Debug|x86
		Release|Any CPU = Release|Any CPU
		Release|ARM = Release|ARM
		Release|iPhone = Release|iPhone
		Release|iPhoneSimulator = Release|iPhoneSimulator
		Release|x64 = Release|x64
		Release|x86 = Release|x86
	EndGlobalSection
	GlobalSection(ProjectConfigurationPlatforms) = postSolution
		{46943D1A-79BB-4AE7-8731-CBFE8735C9D4}.Ad-Hoc|Any CPU.ActiveCfg = Release|Any CPU
		{46943D1A-79BB-4AE7-8731-CBFE8735C9D4}.Ad-Hoc|Any CPU.Build.0 = Release|Any CPU
		{46943D1A-79BB-4AE7-8731-CBFE8735C9D4}.Ad-Hoc|Any CPU.Deploy.0 = Release|Any CPU
		{46943D1A-79BB-4AE7-8731-CBFE8735C9D4}.Ad-Hoc|ARM.ActiveCfg = Release|Any CPU
		{46943D1A-79BB-4AE7-8731-CBFE8735C9D4}.Ad-Hoc|ARM.Build.0 = Release|Any CPU
		{46943D1A-79BB-4AE7-8731-CBFE8735C9D4}.Ad-Hoc|ARM.Deploy.0 = Release|Any CPU
		{46943D1A-79BB-4AE7-8731-CBFE8735C9D4}.Ad-Hoc|iPhone.ActiveCfg = Release|Any CPU
		{46943D1A-79BB-4AE7-8731-CBFE8735C9D4}.Ad-Hoc|iPhone.Build.0 = Release|Any CPU
		{46943D1A-79BB-4AE7-8731-CBFE8735C9D4}.Ad-Hoc|iPhone.Deploy.0 = Release|Any CPU
		{46943D1A-79BB-4AE7-8731-CBFE8735C9D4}.Ad-Hoc|iPhoneSimulator.ActiveCfg = Release|Any CPU
		{46943D1A-79BB-4AE7-8731-CBFE8735C9D4}.Ad-Hoc|iPhoneSimulator.Build.0 = Release|Any CPU
		{46943D1A-79BB-4AE7-8731-CBFE8735C9D4}.Ad-Hoc|iPhoneSimulator.Deploy.0 = Release|Any CPU
		{46943D1A-79BB-4AE7-8731-CBFE8735C9D4}.Ad-Hoc|x64.ActiveCfg = Release|Any CPU
		{46943D1A-79BB-4AE7-8731-CBFE8735C9D4}.Ad-Hoc|x64.Build.0 = Release|Any CPU
		{46943D1A-79BB-4AE7-8731-CBFE8735C9D4}.Ad-Hoc|x64.Deploy.0 = Release|Any CPU
		{46943D1A-79BB-4AE7-8731-CBFE8735C9D4}.Ad-Hoc|x86.ActiveCfg = Release|Any CPU
		{46943D1A-79BB-4AE7-8731-CBFE8735C9D4}.Ad-Hoc|x86.Build.0 = Release|Any CPU
		{46943D1A-79BB-4AE7-8731-CBFE8735C9D4}.Ad-Hoc|x86.Deploy.0 = Release|Any CPU
		{46943D1A-79BB-4AE7-8731-CBFE8735C9D4}.AppStore|Any CPU.ActiveCfg = Release|Any CPU
		{46943D1A-79BB-4AE7-8731-CBFE8735C9D4}.AppStore|Any CPU.Build.0 = Release|Any CPU
		{46943D1A-79BB-4AE7-8731-CBFE8735C9D4}.AppStore|Any CPU.Deploy.0 = Release|Any CPU
		{46943D1A-79BB-4AE7-8731-CBFE8735C9D4}.AppStore|ARM.ActiveCfg = Release|Any CPU
		{46943D1A-79BB-4AE7-8731-CBFE8735C9D4}.AppStore|ARM.Build.0 = Release|Any CPU
		{46943D1A-79BB-4AE7-8731-CBFE8735C9D4}.AppStore|ARM.Deploy.0 = Release|Any CPU
		{46943D1A-79BB-4AE7-8731-CBFE8735C9D4}.AppStore|iPhone.ActiveCfg = Release|Any CPU
		{46943D1A-79BB-4AE7-8731-CBFE8735C9D4}.AppStore|iPhone.Build.0 = Release|Any CPU
		{46943D1A-79BB-4AE7-8731-CBFE8735C9D4}.AppStore|iPhone.Deploy.0 = Release|Any CPU
		{46943D1A-79BB-4AE7-8731-CBFE8735C9D4}.AppStore|iPhoneSimulator.ActiveCfg = Release|Any CPU
		{46943D1A-79BB-4AE7-8731-CBFE8735C9D4}.AppStore|iPhoneSimulator.Build.0 = Release|Any CPU
		{46943D1A-79BB-4AE7-8731-CBFE8735C9D4}.AppStore|iPhoneSimulator.Deploy.0 = Release|Any CPU
		{46943D1A-79BB-4AE7-8731-CBFE8735C9D4}.AppStore|x64.ActiveCfg = Release|Any CPU
		{46943D1A-79BB-4AE7-8731-CBFE8735C9D4}.AppStore|x64.Build.0 = Release|Any CPU
		{46943D1A-79BB-4AE7-8731-CBFE8735C9D4}.AppStore|x64.Deploy.0 = Release|Any CPU
		{46943D1A-79BB-4AE7-8731-CBFE8735C9D4}.AppStore|x86.ActiveCfg = Release|Any CPU
		{46943D1A-79BB-4AE7-8731-CBFE8735C9D4}.AppStore|x86.Build.0 = Release|Any CPU
		{46943D1A-79BB-4AE7-8731-CBFE8735C9D4}.AppStore|x86.Deploy.0 = Release|Any CPU
		{46943D1A-79BB-4AE7-8731-CBFE8735C9D4}.Debug|Any CPU.ActiveCfg = Debug|Any CPU
		{46943D1A-79BB-4AE7-8731-CBFE8735C9D4}.Debug|Any CPU.Build.0 = Debug|Any CPU
		{46943D1A-79BB-4AE7-8731-CBFE8735C9D4}.Debug|Any CPU.Deploy.0 = Debug|Any CPU
		{46943D1A-79BB-4AE7-8731-CBFE8735C9D4}.Debug|ARM.ActiveCfg = Debug|Any CPU
		{46943D1A-79BB-4AE7-8731-CBFE8735C9D4}.Debug|ARM.Build.0 = Debug|Any CPU
		{46943D1A-79BB-4AE7-8731-CBFE8735C9D4}.Debug|ARM.Deploy.0 = Debug|Any CPU
		{46943D1A-79BB-4AE7-8731-CBFE8735C9D4}.Debug|iPhone.ActiveCfg = Debug|Any CPU
		{46943D1A-79BB-4AE7-8731-CBFE8735C9D4}.Debug|iPhone.Build.0 = Debug|Any CPU
		{46943D1A-79BB-4AE7-8731-CBFE8735C9D4}.Debug|iPhone.Deploy.0 = Debug|Any CPU
		{46943D1A-79BB-4AE7-8731-CBFE8735C9D4}.Debug|iPhoneSimulator.ActiveCfg = Debug|Any CPU
		{46943D1A-79BB-4AE7-8731-CBFE8735C9D4}.Debug|iPhoneSimulator.Build.0 = Debug|Any CPU
		{46943D1A-79BB-4AE7-8731-CBFE8735C9D4}.Debug|iPhoneSimulator.Deploy.0 = Debug|Any CPU
		{46943D1A-79BB-4AE7-8731-CBFE8735C9D4}.Debug|x64.ActiveCfg = Debug|Any CPU
		{46943D1A-79BB-4AE7-8731-CBFE8735C9D4}.Debug|x64.Build.0 = Debug|Any CPU
		{46943D1A-79BB-4AE7-8731-CBFE8735C9D4}.Debug|x64.Deploy.0 = Debug|Any CPU
		{46943D1A-79BB-4AE7-8731-CBFE8735C9D4}.Debug|x86.ActiveCfg = Debug|Any CPU
		{46943D1A-79BB-4AE7-8731-CBFE8735C9D4}.Debug|x86.Build.0 = Debug|Any CPU
		{46943D1A-79BB-4AE7-8731-CBFE8735C9D4}.Debug|x86.Deploy.0 = Debug|Any CPU
		{46943D1A-79BB-4AE7-8731-CBFE8735C9D4}.Release|Any CPU.ActiveCfg = Release|Any CPU
		{46943D1A-79BB-4AE7-8731-CBFE8735C9D4}.Release|Any CPU.Build.0 = Release|Any CPU
		{46943D1A-79BB-4AE7-8731-CBFE8735C9D4}.Release|Any CPU.Deploy.0 = Release|Any CPU
		{46943D1A-79BB-4AE7-8731-CBFE8735C9D4}.Release|ARM.ActiveCfg = Release|Any CPU
		{46943D1A-79BB-4AE7-8731-CBFE8735C9D4}.Release|ARM.Build.0 = Release|Any CPU
		{46943D1A-79BB-4AE7-8731-CBFE8735C9D4}.Release|ARM.Deploy.0 = Release|Any CPU
		{46943D1A-79BB-4AE7-8731-CBFE8735C9D4}.Release|iPhone.ActiveCfg = Release|Any CPU
		{46943D1A-79BB-4AE7-8731-CBFE8735C9D4}.Release|iPhone.Build.0 = Release|Any CPU
		{46943D1A-79BB-4AE7-8731-CBFE8735C9D4}.Release|iPhone.Deploy.0 = Release|Any CPU
		{46943D1A-79BB-4AE7-8731-CBFE8735C9D4}.Release|iPhoneSimulator.ActiveCfg = Release|Any CPU
		{46943D1A-79BB-4AE7-8731-CBFE8735C9D4}.Release|iPhoneSimulator.Build.0 = Release|Any CPU
		{46943D1A-79BB-4AE7-8731-CBFE8735C9D4}.Release|iPhoneSimulator.Deploy.0 = Release|Any CPU
		{46943D1A-79BB-4AE7-8731-CBFE8735C9D4}.Release|x64.ActiveCfg = Release|Any CPU
		{46943D1A-79BB-4AE7-8731-CBFE8735C9D4}.Release|x64.Build.0 = Release|Any CPU
		{46943D1A-79BB-4AE7-8731-CBFE8735C9D4}.Release|x64.Deploy.0 = Release|Any CPU
		{46943D1A-79BB-4AE7-8731-CBFE8735C9D4}.Release|x86.ActiveCfg = Release|Any CPU
		{46943D1A-79BB-4AE7-8731-CBFE8735C9D4}.Release|x86.Build.0 = Release|Any CPU
		{46943D1A-79BB-4AE7-8731-CBFE8735C9D4}.Release|x86.Deploy.0 = Release|Any CPU
		{B1DA005C-F253-4095-945E-ECC002FEF63D}.Ad-Hoc|Any CPU.ActiveCfg = Ad-Hoc|iPhone
		{B1DA005C-F253-4095-945E-ECC002FEF63D}.Ad-Hoc|ARM.ActiveCfg = Ad-Hoc|iPhone
		{B1DA005C-F253-4095-945E-ECC002FEF63D}.Ad-Hoc|iPhone.ActiveCfg = Ad-Hoc|iPhone
		{B1DA005C-F253-4095-945E-ECC002FEF63D}.Ad-Hoc|iPhone.Build.0 = Ad-Hoc|iPhone
		{B1DA005C-F253-4095-945E-ECC002FEF63D}.Ad-Hoc|iPhoneSimulator.ActiveCfg = Ad-Hoc|iPhoneSimulator
		{B1DA005C-F253-4095-945E-ECC002FEF63D}.Ad-Hoc|iPhoneSimulator.Build.0 = Ad-Hoc|iPhoneSimulator
		{B1DA005C-F253-4095-945E-ECC002FEF63D}.Ad-Hoc|x64.ActiveCfg = Ad-Hoc|iPhone
		{B1DA005C-F253-4095-945E-ECC002FEF63D}.Ad-Hoc|x86.ActiveCfg = Ad-Hoc|iPhone
		{B1DA005C-F253-4095-945E-ECC002FEF63D}.AppStore|Any CPU.ActiveCfg = AppStore|iPhone
		{B1DA005C-F253-4095-945E-ECC002FEF63D}.AppStore|ARM.ActiveCfg = AppStore|iPhone
		{B1DA005C-F253-4095-945E-ECC002FEF63D}.AppStore|iPhone.ActiveCfg = AppStore|iPhone
		{B1DA005C-F253-4095-945E-ECC002FEF63D}.AppStore|iPhone.Build.0 = AppStore|iPhone
		{B1DA005C-F253-4095-945E-ECC002FEF63D}.AppStore|iPhoneSimulator.ActiveCfg = AppStore|iPhoneSimulator
		{B1DA005C-F253-4095-945E-ECC002FEF63D}.AppStore|iPhoneSimulator.Build.0 = AppStore|iPhoneSimulator
		{B1DA005C-F253-4095-945E-ECC002FEF63D}.AppStore|x64.ActiveCfg = AppStore|iPhone
		{B1DA005C-F253-4095-945E-ECC002FEF63D}.AppStore|x86.ActiveCfg = AppStore|iPhone
		{B1DA005C-F253-4095-945E-ECC002FEF63D}.Debug|Any CPU.ActiveCfg = Debug|iPhone
		{B1DA005C-F253-4095-945E-ECC002FEF63D}.Debug|ARM.ActiveCfg = Debug|iPhone
		{B1DA005C-F253-4095-945E-ECC002FEF63D}.Debug|iPhone.ActiveCfg = Debug|iPhone
		{B1DA005C-F253-4095-945E-ECC002FEF63D}.Debug|iPhone.Build.0 = Debug|iPhone
		{B1DA005C-F253-4095-945E-ECC002FEF63D}.Debug|iPhoneSimulator.ActiveCfg = Debug|iPhoneSimulator
		{B1DA005C-F253-4095-945E-ECC002FEF63D}.Debug|iPhoneSimulator.Build.0 = Debug|iPhoneSimulator
		{B1DA005C-F253-4095-945E-ECC002FEF63D}.Debug|x64.ActiveCfg = Debug|iPhone
		{B1DA005C-F253-4095-945E-ECC002FEF63D}.Debug|x86.ActiveCfg = Debug|iPhone
		{B1DA005C-F253-4095-945E-ECC002FEF63D}.Release|Any CPU.ActiveCfg = Release|iPhone
		{B1DA005C-F253-4095-945E-ECC002FEF63D}.Release|ARM.ActiveCfg = Release|iPhone
		{B1DA005C-F253-4095-945E-ECC002FEF63D}.Release|iPhone.ActiveCfg = Release|iPhone
		{B1DA005C-F253-4095-945E-ECC002FEF63D}.Release|iPhone.Build.0 = Release|iPhone
		{B1DA005C-F253-4095-945E-ECC002FEF63D}.Release|iPhoneSimulator.ActiveCfg = Release|iPhoneSimulator
		{B1DA005C-F253-4095-945E-ECC002FEF63D}.Release|iPhoneSimulator.Build.0 = Release|iPhoneSimulator
		{B1DA005C-F253-4095-945E-ECC002FEF63D}.Release|x64.ActiveCfg = Release|iPhone
		{B1DA005C-F253-4095-945E-ECC002FEF63D}.Release|x86.ActiveCfg = Release|iPhone
		{F2C30CE7-172E-4605-8E02-14E4D715B722}.Ad-Hoc|Any CPU.ActiveCfg = Release|Any CPU
		{F2C30CE7-172E-4605-8E02-14E4D715B722}.Ad-Hoc|Any CPU.Build.0 = Release|Any CPU
		{F2C30CE7-172E-4605-8E02-14E4D715B722}.Ad-Hoc|Any CPU.Deploy.0 = Release|Any CPU
		{F2C30CE7-172E-4605-8E02-14E4D715B722}.Ad-Hoc|ARM.ActiveCfg = Release|ARM
		{F2C30CE7-172E-4605-8E02-14E4D715B722}.Ad-Hoc|ARM.Build.0 = Release|ARM
		{F2C30CE7-172E-4605-8E02-14E4D715B722}.Ad-Hoc|ARM.Deploy.0 = Release|ARM
		{F2C30CE7-172E-4605-8E02-14E4D715B722}.Ad-Hoc|iPhone.ActiveCfg = Release|Any CPU
		{F2C30CE7-172E-4605-8E02-14E4D715B722}.Ad-Hoc|iPhone.Build.0 = Release|Any CPU
		{F2C30CE7-172E-4605-8E02-14E4D715B722}.Ad-Hoc|iPhone.Deploy.0 = Release|Any CPU
		{F2C30CE7-172E-4605-8E02-14E4D715B722}.Ad-Hoc|iPhoneSimulator.ActiveCfg = Release|Any CPU
		{F2C30CE7-172E-4605-8E02-14E4D715B722}.Ad-Hoc|iPhoneSimulator.Build.0 = Release|Any CPU
		{F2C30CE7-172E-4605-8E02-14E4D715B722}.Ad-Hoc|iPhoneSimulator.Deploy.0 = Release|Any CPU
		{F2C30CE7-172E-4605-8E02-14E4D715B722}.Ad-Hoc|x64.ActiveCfg = Release|Any CPU
		{F2C30CE7-172E-4605-8E02-14E4D715B722}.Ad-Hoc|x64.Build.0 = Release|Any CPU
		{F2C30CE7-172E-4605-8E02-14E4D715B722}.Ad-Hoc|x64.Deploy.0 = Release|Any CPU
		{F2C30CE7-172E-4605-8E02-14E4D715B722}.Ad-Hoc|x86.ActiveCfg = Release|x86
		{F2C30CE7-172E-4605-8E02-14E4D715B722}.Ad-Hoc|x86.Build.0 = Release|x86
		{F2C30CE7-172E-4605-8E02-14E4D715B722}.Ad-Hoc|x86.Deploy.0 = Release|x86
		{F2C30CE7-172E-4605-8E02-14E4D715B722}.AppStore|Any CPU.ActiveCfg = Release|Any CPU
		{F2C30CE7-172E-4605-8E02-14E4D715B722}.AppStore|Any CPU.Build.0 = Release|Any CPU
		{F2C30CE7-172E-4605-8E02-14E4D715B722}.AppStore|Any CPU.Deploy.0 = Release|Any CPU
		{F2C30CE7-172E-4605-8E02-14E4D715B722}.AppStore|ARM.ActiveCfg = Release|ARM
		{F2C30CE7-172E-4605-8E02-14E4D715B722}.AppStore|ARM.Build.0 = Release|ARM
		{F2C30CE7-172E-4605-8E02-14E4D715B722}.AppStore|ARM.Deploy.0 = Release|ARM
		{F2C30CE7-172E-4605-8E02-14E4D715B722}.AppStore|iPhone.ActiveCfg = Release|Any CPU
		{F2C30CE7-172E-4605-8E02-14E4D715B722}.AppStore|iPhone.Build.0 = Release|Any CPU
		{F2C30CE7-172E-4605-8E02-14E4D715B722}.AppStore|iPhone.Deploy.0 = Release|Any CPU
		{F2C30CE7-172E-4605-8E02-14E4D715B722}.AppStore|iPhoneSimulator.ActiveCfg = Release|Any CPU
		{F2C30CE7-172E-4605-8E02-14E4D715B722}.AppStore|iPhoneSimulator.Build.0 = Release|Any CPU
		{F2C30CE7-172E-4605-8E02-14E4D715B722}.AppStore|iPhoneSimulator.Deploy.0 = Release|Any CPU
		{F2C30CE7-172E-4605-8E02-14E4D715B722}.AppStore|x64.ActiveCfg = Release|Any CPU
		{F2C30CE7-172E-4605-8E02-14E4D715B722}.AppStore|x64.Build.0 = Release|Any CPU
		{F2C30CE7-172E-4605-8E02-14E4D715B722}.AppStore|x64.Deploy.0 = Release|Any CPU
		{F2C30CE7-172E-4605-8E02-14E4D715B722}.AppStore|x86.ActiveCfg = Release|x86
		{F2C30CE7-172E-4605-8E02-14E4D715B722}.AppStore|x86.Build.0 = Release|x86
		{F2C30CE7-172E-4605-8E02-14E4D715B722}.AppStore|x86.Deploy.0 = Release|x86
		{F2C30CE7-172E-4605-8E02-14E4D715B722}.Debug|Any CPU.ActiveCfg = Debug|Any CPU
		{F2C30CE7-172E-4605-8E02-14E4D715B722}.Debug|Any CPU.Build.0 = Debug|Any CPU
		{F2C30CE7-172E-4605-8E02-14E4D715B722}.Debug|Any CPU.Deploy.0 = Debug|Any CPU
		{F2C30CE7-172E-4605-8E02-14E4D715B722}.Debug|ARM.ActiveCfg = Debug|ARM
		{F2C30CE7-172E-4605-8E02-14E4D715B722}.Debug|ARM.Build.0 = Debug|ARM
		{F2C30CE7-172E-4605-8E02-14E4D715B722}.Debug|ARM.Deploy.0 = Debug|ARM
		{F2C30CE7-172E-4605-8E02-14E4D715B722}.Debug|iPhone.ActiveCfg = Debug|Any CPU
		{F2C30CE7-172E-4605-8E02-14E4D715B722}.Debug|iPhone.Build.0 = Debug|Any CPU
		{F2C30CE7-172E-4605-8E02-14E4D715B722}.Debug|iPhone.Deploy.0 = Debug|Any CPU
		{F2C30CE7-172E-4605-8E02-14E4D715B722}.Debug|iPhoneSimulator.ActiveCfg = Debug|Any CPU
		{F2C30CE7-172E-4605-8E02-14E4D715B722}.Debug|iPhoneSimulator.Build.0 = Debug|Any CPU
		{F2C30CE7-172E-4605-8E02-14E4D715B722}.Debug|iPhoneSimulator.Deploy.0 = Debug|Any CPU
		{F2C30CE7-172E-4605-8E02-14E4D715B722}.Debug|x64.ActiveCfg = Debug|Any CPU
		{F2C30CE7-172E-4605-8E02-14E4D715B722}.Debug|x64.Build.0 = Debug|Any CPU
		{F2C30CE7-172E-4605-8E02-14E4D715B722}.Debug|x64.Deploy.0 = Debug|Any CPU
		{F2C30CE7-172E-4605-8E02-14E4D715B722}.Debug|x86.ActiveCfg = Debug|x86
		{F2C30CE7-172E-4605-8E02-14E4D715B722}.Debug|x86.Build.0 = Debug|x86
		{F2C30CE7-172E-4605-8E02-14E4D715B722}.Debug|x86.Deploy.0 = Debug|x86
		{F2C30CE7-172E-4605-8E02-14E4D715B722}.Release|Any CPU.ActiveCfg = Release|Any CPU
		{F2C30CE7-172E-4605-8E02-14E4D715B722}.Release|Any CPU.Build.0 = Release|Any CPU
		{F2C30CE7-172E-4605-8E02-14E4D715B722}.Release|Any CPU.Deploy.0 = Release|Any CPU
		{F2C30CE7-172E-4605-8E02-14E4D715B722}.Release|ARM.ActiveCfg = Release|ARM
		{F2C30CE7-172E-4605-8E02-14E4D715B722}.Release|ARM.Build.0 = Release|ARM
		{F2C30CE7-172E-4605-8E02-14E4D715B722}.Release|ARM.Deploy.0 = Release|ARM
		{F2C30CE7-172E-4605-8E02-14E4D715B722}.Release|iPhone.ActiveCfg = Release|Any CPU
		{F2C30CE7-172E-4605-8E02-14E4D715B722}.Release|iPhone.Build.0 = Release|Any CPU
		{F2C30CE7-172E-4605-8E02-14E4D715B722}.Release|iPhone.Deploy.0 = Release|Any CPU
		{F2C30CE7-172E-4605-8E02-14E4D715B722}.Release|iPhoneSimulator.ActiveCfg = Release|Any CPU
		{F2C30CE7-172E-4605-8E02-14E4D715B722}.Release|iPhoneSimulator.Build.0 = Release|Any CPU
		{F2C30CE7-172E-4605-8E02-14E4D715B722}.Release|iPhoneSimulator.Deploy.0 = Release|Any CPU
		{F2C30CE7-172E-4605-8E02-14E4D715B722}.Release|x64.ActiveCfg = Release|Any CPU
		{F2C30CE7-172E-4605-8E02-14E4D715B722}.Release|x64.Build.0 = Release|Any CPU
		{F2C30CE7-172E-4605-8E02-14E4D715B722}.Release|x64.Deploy.0 = Release|Any CPU
		{F2C30CE7-172E-4605-8E02-14E4D715B722}.Release|x86.ActiveCfg = Release|x86
		{F2C30CE7-172E-4605-8E02-14E4D715B722}.Release|x86.Build.0 = Release|x86
		{F2C30CE7-172E-4605-8E02-14E4D715B722}.Release|x86.Deploy.0 = Release|x86
		{D62C6B21-C7A6-486B-8537-15C316570575}.Ad-Hoc|Any CPU.ActiveCfg = Release|x86
		{D62C6B21-C7A6-486B-8537-15C316570575}.Ad-Hoc|Any CPU.Build.0 = Release|x86
		{D62C6B21-C7A6-486B-8537-15C316570575}.Ad-Hoc|Any CPU.Deploy.0 = Release|x86
		{D62C6B21-C7A6-486B-8537-15C316570575}.Ad-Hoc|ARM.ActiveCfg = Release|ARM
		{D62C6B21-C7A6-486B-8537-15C316570575}.Ad-Hoc|ARM.Build.0 = Release|ARM
		{D62C6B21-C7A6-486B-8537-15C316570575}.Ad-Hoc|ARM.Deploy.0 = Release|ARM
		{D62C6B21-C7A6-486B-8537-15C316570575}.Ad-Hoc|iPhone.ActiveCfg = Release|x86
		{D62C6B21-C7A6-486B-8537-15C316570575}.Ad-Hoc|iPhone.Build.0 = Release|x86
		{D62C6B21-C7A6-486B-8537-15C316570575}.Ad-Hoc|iPhone.Deploy.0 = Release|x86
		{D62C6B21-C7A6-486B-8537-15C316570575}.Ad-Hoc|iPhoneSimulator.ActiveCfg = Release|x86
		{D62C6B21-C7A6-486B-8537-15C316570575}.Ad-Hoc|iPhoneSimulator.Build.0 = Release|x86
		{D62C6B21-C7A6-486B-8537-15C316570575}.Ad-Hoc|iPhoneSimulator.Deploy.0 = Release|x86
		{D62C6B21-C7A6-486B-8537-15C316570575}.Ad-Hoc|x64.ActiveCfg = Release|x64
		{D62C6B21-C7A6-486B-8537-15C316570575}.Ad-Hoc|x64.Build.0 = Release|x64
		{D62C6B21-C7A6-486B-8537-15C316570575}.Ad-Hoc|x64.Deploy.0 = Release|x64
		{D62C6B21-C7A6-486B-8537-15C316570575}.Ad-Hoc|x86.ActiveCfg = Release|x86
		{D62C6B21-C7A6-486B-8537-15C316570575}.Ad-Hoc|x86.Build.0 = Release|x86
		{D62C6B21-C7A6-486B-8537-15C316570575}.Ad-Hoc|x86.Deploy.0 = Release|x86
		{D62C6B21-C7A6-486B-8537-15C316570575}.AppStore|Any CPU.ActiveCfg = Release|x86
		{D62C6B21-C7A6-486B-8537-15C316570575}.AppStore|Any CPU.Build.0 = Release|x86
		{D62C6B21-C7A6-486B-8537-15C316570575}.AppStore|Any CPU.Deploy.0 = Release|x86
		{D62C6B21-C7A6-486B-8537-15C316570575}.AppStore|ARM.ActiveCfg = Release|ARM
		{D62C6B21-C7A6-486B-8537-15C316570575}.AppStore|ARM.Build.0 = Release|ARM
		{D62C6B21-C7A6-486B-8537-15C316570575}.AppStore|ARM.Deploy.0 = Release|ARM
		{D62C6B21-C7A6-486B-8537-15C316570575}.AppStore|iPhone.ActiveCfg = Release|x86
		{D62C6B21-C7A6-486B-8537-15C316570575}.AppStore|iPhone.Build.0 = Release|x86
		{D62C6B21-C7A6-486B-8537-15C316570575}.AppStore|iPhone.Deploy.0 = Release|x86
		{D62C6B21-C7A6-486B-8537-15C316570575}.AppStore|iPhoneSimulator.ActiveCfg = Release|x86
		{D62C6B21-C7A6-486B-8537-15C316570575}.AppStore|iPhoneSimulator.Build.0 = Release|x86
		{D62C6B21-C7A6-486B-8537-15C316570575}.AppStore|iPhoneSimulator.Deploy.0 = Release|x86
		{D62C6B21-C7A6-486B-8537-15C316570575}.AppStore|x64.ActiveCfg = Release|x64
		{D62C6B21-C7A6-486B-8537-15C316570575}.AppStore|x64.Build.0 = Release|x64
		{D62C6B21-C7A6-486B-8537-15C316570575}.AppStore|x64.Deploy.0 = Release|x64
		{D62C6B21-C7A6-486B-8537-15C316570575}.AppStore|x86.ActiveCfg = Release|x86
		{D62C6B21-C7A6-486B-8537-15C316570575}.AppStore|x86.Build.0 = Release|x86
		{D62C6B21-C7A6-486B-8537-15C316570575}.AppStore|x86.Deploy.0 = Release|x86
		{D62C6B21-C7A6-486B-8537-15C316570575}.Debug|Any CPU.ActiveCfg = Debug|x86
		{D62C6B21-C7A6-486B-8537-15C316570575}.Debug|ARM.ActiveCfg = Debug|ARM
		{D62C6B21-C7A6-486B-8537-15C316570575}.Debug|ARM.Build.0 = Debug|ARM
		{D62C6B21-C7A6-486B-8537-15C316570575}.Debug|ARM.Deploy.0 = Debug|ARM
		{D62C6B21-C7A6-486B-8537-15C316570575}.Debug|iPhone.ActiveCfg = Debug|x86
		{D62C6B21-C7A6-486B-8537-15C316570575}.Debug|iPhoneSimulator.ActiveCfg = Debug|x86
		{D62C6B21-C7A6-486B-8537-15C316570575}.Debug|x64.ActiveCfg = Debug|x64
		{D62C6B21-C7A6-486B-8537-15C316570575}.Debug|x64.Build.0 = Debug|x64
		{D62C6B21-C7A6-486B-8537-15C316570575}.Debug|x64.Deploy.0 = Debug|x64
		{D62C6B21-C7A6-486B-8537-15C316570575}.Debug|x86.ActiveCfg = Debug|x86
		{D62C6B21-C7A6-486B-8537-15C316570575}.Debug|x86.Build.0 = Debug|x86
		{D62C6B21-C7A6-486B-8537-15C316570575}.Debug|x86.Deploy.0 = Debug|x86
		{D62C6B21-C7A6-486B-8537-15C316570575}.Release|Any CPU.ActiveCfg = Release|x86
		{D62C6B21-C7A6-486B-8537-15C316570575}.Release|ARM.ActiveCfg = Release|ARM
		{D62C6B21-C7A6-486B-8537-15C316570575}.Release|ARM.Build.0 = Release|ARM
		{D62C6B21-C7A6-486B-8537-15C316570575}.Release|ARM.Deploy.0 = Release|ARM
		{D62C6B21-C7A6-486B-8537-15C316570575}.Release|iPhone.ActiveCfg = Release|x86
		{D62C6B21-C7A6-486B-8537-15C316570575}.Release|iPhoneSimulator.ActiveCfg = Release|x86
		{D62C6B21-C7A6-486B-8537-15C316570575}.Release|x64.ActiveCfg = Release|x64
		{D62C6B21-C7A6-486B-8537-15C316570575}.Release|x64.Build.0 = Release|x64
		{D62C6B21-C7A6-486B-8537-15C316570575}.Release|x64.Deploy.0 = Release|x64
		{D62C6B21-C7A6-486B-8537-15C316570575}.Release|x86.ActiveCfg = Release|x86
		{D62C6B21-C7A6-486B-8537-15C316570575}.Release|x86.Build.0 = Release|x86
		{D62C6B21-C7A6-486B-8537-15C316570575}.Release|x86.Deploy.0 = Release|x86
		{EF195C98-7922-4717-BB44-F07EA6BAFAFF}.Ad-Hoc|Any CPU.ActiveCfg = Release|Any CPU
		{EF195C98-7922-4717-BB44-F07EA6BAFAFF}.Ad-Hoc|Any CPU.Build.0 = Release|Any CPU
		{EF195C98-7922-4717-BB44-F07EA6BAFAFF}.Ad-Hoc|Any CPU.Deploy.0 = Release|Any CPU
		{EF195C98-7922-4717-BB44-F07EA6BAFAFF}.Ad-Hoc|ARM.ActiveCfg = Release|ARM
		{EF195C98-7922-4717-BB44-F07EA6BAFAFF}.Ad-Hoc|ARM.Build.0 = Release|ARM
		{EF195C98-7922-4717-BB44-F07EA6BAFAFF}.Ad-Hoc|ARM.Deploy.0 = Release|ARM
		{EF195C98-7922-4717-BB44-F07EA6BAFAFF}.Ad-Hoc|iPhone.ActiveCfg = Release|Any CPU
		{EF195C98-7922-4717-BB44-F07EA6BAFAFF}.Ad-Hoc|iPhone.Build.0 = Release|Any CPU
		{EF195C98-7922-4717-BB44-F07EA6BAFAFF}.Ad-Hoc|iPhone.Deploy.0 = Release|Any CPU
		{EF195C98-7922-4717-BB44-F07EA6BAFAFF}.Ad-Hoc|iPhoneSimulator.ActiveCfg = Release|Any CPU
		{EF195C98-7922-4717-BB44-F07EA6BAFAFF}.Ad-Hoc|iPhoneSimulator.Build.0 = Release|Any CPU
		{EF195C98-7922-4717-BB44-F07EA6BAFAFF}.Ad-Hoc|iPhoneSimulator.Deploy.0 = Release|Any CPU
		{EF195C98-7922-4717-BB44-F07EA6BAFAFF}.Ad-Hoc|x64.ActiveCfg = Release|x64
		{EF195C98-7922-4717-BB44-F07EA6BAFAFF}.Ad-Hoc|x64.Build.0 = Release|x64
		{EF195C98-7922-4717-BB44-F07EA6BAFAFF}.Ad-Hoc|x64.Deploy.0 = Release|x64
		{EF195C98-7922-4717-BB44-F07EA6BAFAFF}.Ad-Hoc|x86.ActiveCfg = Release|x86
		{EF195C98-7922-4717-BB44-F07EA6BAFAFF}.Ad-Hoc|x86.Build.0 = Release|x86
		{EF195C98-7922-4717-BB44-F07EA6BAFAFF}.Ad-Hoc|x86.Deploy.0 = Release|x86
		{EF195C98-7922-4717-BB44-F07EA6BAFAFF}.AppStore|Any CPU.ActiveCfg = Release|Any CPU
		{EF195C98-7922-4717-BB44-F07EA6BAFAFF}.AppStore|Any CPU.Build.0 = Release|Any CPU
		{EF195C98-7922-4717-BB44-F07EA6BAFAFF}.AppStore|Any CPU.Deploy.0 = Release|Any CPU
		{EF195C98-7922-4717-BB44-F07EA6BAFAFF}.AppStore|ARM.ActiveCfg = Release|ARM
		{EF195C98-7922-4717-BB44-F07EA6BAFAFF}.AppStore|ARM.Build.0 = Release|ARM
		{EF195C98-7922-4717-BB44-F07EA6BAFAFF}.AppStore|ARM.Deploy.0 = Release|ARM
		{EF195C98-7922-4717-BB44-F07EA6BAFAFF}.AppStore|iPhone.ActiveCfg = Release|Any CPU
		{EF195C98-7922-4717-BB44-F07EA6BAFAFF}.AppStore|iPhone.Build.0 = Release|Any CPU
		{EF195C98-7922-4717-BB44-F07EA6BAFAFF}.AppStore|iPhone.Deploy.0 = Release|Any CPU
		{EF195C98-7922-4717-BB44-F07EA6BAFAFF}.AppStore|iPhoneSimulator.ActiveCfg = Release|Any CPU
		{EF195C98-7922-4717-BB44-F07EA6BAFAFF}.AppStore|iPhoneSimulator.Build.0 = Release|Any CPU
		{EF195C98-7922-4717-BB44-F07EA6BAFAFF}.AppStore|iPhoneSimulator.Deploy.0 = Release|Any CPU
		{EF195C98-7922-4717-BB44-F07EA6BAFAFF}.AppStore|x64.ActiveCfg = Release|x64
		{EF195C98-7922-4717-BB44-F07EA6BAFAFF}.AppStore|x64.Build.0 = Release|x64
		{EF195C98-7922-4717-BB44-F07EA6BAFAFF}.AppStore|x64.Deploy.0 = Release|x64
		{EF195C98-7922-4717-BB44-F07EA6BAFAFF}.AppStore|x86.ActiveCfg = Release|x86
		{EF195C98-7922-4717-BB44-F07EA6BAFAFF}.AppStore|x86.Build.0 = Release|x86
		{EF195C98-7922-4717-BB44-F07EA6BAFAFF}.AppStore|x86.Deploy.0 = Release|x86
		{EF195C98-7922-4717-BB44-F07EA6BAFAFF}.Debug|Any CPU.ActiveCfg = Debug|Any CPU
		{EF195C98-7922-4717-BB44-F07EA6BAFAFF}.Debug|Any CPU.Build.0 = Debug|Any CPU
		{EF195C98-7922-4717-BB44-F07EA6BAFAFF}.Debug|Any CPU.Deploy.0 = Debug|Any CPU
		{EF195C98-7922-4717-BB44-F07EA6BAFAFF}.Debug|ARM.ActiveCfg = Debug|ARM
		{EF195C98-7922-4717-BB44-F07EA6BAFAFF}.Debug|ARM.Build.0 = Debug|ARM
		{EF195C98-7922-4717-BB44-F07EA6BAFAFF}.Debug|ARM.Deploy.0 = Debug|ARM
		{EF195C98-7922-4717-BB44-F07EA6BAFAFF}.Debug|iPhone.ActiveCfg = Debug|Any CPU
		{EF195C98-7922-4717-BB44-F07EA6BAFAFF}.Debug|iPhone.Build.0 = Debug|Any CPU
		{EF195C98-7922-4717-BB44-F07EA6BAFAFF}.Debug|iPhone.Deploy.0 = Debug|Any CPU
		{EF195C98-7922-4717-BB44-F07EA6BAFAFF}.Debug|iPhoneSimulator.ActiveCfg = Debug|Any CPU
		{EF195C98-7922-4717-BB44-F07EA6BAFAFF}.Debug|iPhoneSimulator.Build.0 = Debug|Any CPU
		{EF195C98-7922-4717-BB44-F07EA6BAFAFF}.Debug|iPhoneSimulator.Deploy.0 = Debug|Any CPU
		{EF195C98-7922-4717-BB44-F07EA6BAFAFF}.Debug|x64.ActiveCfg = Debug|x64
		{EF195C98-7922-4717-BB44-F07EA6BAFAFF}.Debug|x64.Build.0 = Debug|x64
		{EF195C98-7922-4717-BB44-F07EA6BAFAFF}.Debug|x64.Deploy.0 = Debug|x64
		{EF195C98-7922-4717-BB44-F07EA6BAFAFF}.Debug|x86.ActiveCfg = Debug|x86
		{EF195C98-7922-4717-BB44-F07EA6BAFAFF}.Debug|x86.Build.0 = Debug|x86
		{EF195C98-7922-4717-BB44-F07EA6BAFAFF}.Debug|x86.Deploy.0 = Debug|x86
		{EF195C98-7922-4717-BB44-F07EA6BAFAFF}.Release|Any CPU.ActiveCfg = Release|Any CPU
		{EF195C98-7922-4717-BB44-F07EA6BAFAFF}.Release|Any CPU.Build.0 = Release|Any CPU
		{EF195C98-7922-4717-BB44-F07EA6BAFAFF}.Release|Any CPU.Deploy.0 = Release|Any CPU
		{EF195C98-7922-4717-BB44-F07EA6BAFAFF}.Release|ARM.ActiveCfg = Release|ARM
		{EF195C98-7922-4717-BB44-F07EA6BAFAFF}.Release|ARM.Build.0 = Release|ARM
		{EF195C98-7922-4717-BB44-F07EA6BAFAFF}.Release|ARM.Deploy.0 = Release|ARM
		{EF195C98-7922-4717-BB44-F07EA6BAFAFF}.Release|iPhone.ActiveCfg = Release|Any CPU
		{EF195C98-7922-4717-BB44-F07EA6BAFAFF}.Release|iPhone.Build.0 = Release|Any CPU
		{EF195C98-7922-4717-BB44-F07EA6BAFAFF}.Release|iPhone.Deploy.0 = Release|Any CPU
		{EF195C98-7922-4717-BB44-F07EA6BAFAFF}.Release|iPhoneSimulator.ActiveCfg = Release|Any CPU
		{EF195C98-7922-4717-BB44-F07EA6BAFAFF}.Release|iPhoneSimulator.Build.0 = Release|Any CPU
		{EF195C98-7922-4717-BB44-F07EA6BAFAFF}.Release|iPhoneSimulator.Deploy.0 = Release|Any CPU
		{EF195C98-7922-4717-BB44-F07EA6BAFAFF}.Release|x64.ActiveCfg = Release|x64
		{EF195C98-7922-4717-BB44-F07EA6BAFAFF}.Release|x64.Build.0 = Release|x64
		{EF195C98-7922-4717-BB44-F07EA6BAFAFF}.Release|x64.Deploy.0 = Release|x64
		{EF195C98-7922-4717-BB44-F07EA6BAFAFF}.Release|x86.ActiveCfg = Release|x86
		{EF195C98-7922-4717-BB44-F07EA6BAFAFF}.Release|x86.Build.0 = Release|x86
		{EF195C98-7922-4717-BB44-F07EA6BAFAFF}.Release|x86.Deploy.0 = Release|x86
	EndGlobalSection
	GlobalSection(SolutionProperties) = preSolution
		HideSolutionNode = FALSE
	EndGlobalSection
EndGlobal
